{
  "nodes": {
    "flake-utils": {
      "locked": {
        "lastModified": 1659877975,
        "narHash": "sha256-zllb8aq3YO3h8B/U0/J1WBgAL8EX5yWf5pMj3G0NAmc=",
        "owner": "numtide",
        "repo": "flake-utils",
        "rev": "c0e246b9b83f637f4681389ecabcb2681b4f3af0",
        "type": "github"
      },
      "original": {
        "owner": "numtide",
        "repo": "flake-utils",
        "type": "github"
      }
    },
    "nixpkgs": {
      "locked": {
        "lastModified": 1678500213,
        "narHash": "sha256-A5s2rXawJ+dCThkMXoMuYW8dgyUmkElcyfVJUot/Vr0=",
        "owner": "NixOS",
        "repo": "nixpkgs",
        "rev": "2ce9b9842b5e63884dfc3dea6689769e2a1ea309",
        "type": "github"
      },
      "original": {
        "owner": "NixOS",
        "ref": "nixpkgs-unstable",
        "repo": "nixpkgs",
        "type": "github"
      }
    },
    "nixpkgs-emmet-ls": {
      "locked": {
        "lastModified": 1655994961,
        "narHash": "sha256-RRow2B8I05i2rfpcMqx16Ynxp0zctAULdQCYRfX6E/M=",
        "owner": "NixOS",
        "repo": "nixpkgs",
        "rev": "177e8d2647a8eba1e03f4d50ee73597671145180",
        "type": "github"
      },
      "original": {
        "owner": "NixOS",
        "repo": "nixpkgs",
        "rev": "177e8d2647a8eba1e03f4d50ee73597671145180",
        "type": "github"
      }
    },
    "root": {
      "inputs": {
        "flake-utils": "flake-utils",
        "nixpkgs": "nixpkgs",
        "nixpkgs-emmet-ls": "nixpkgs-emmet-ls"
      }
    }
  },
  "root": "root",
  "version": 7
}
